
Microsoft Visual Studio Solution File, Format Version 12.00
# Visual Studio Version 16
VisualStudioVersion = 16.0.31025.218
MinimumVisualStudioVersion = 10.0.40219.1
Project("{FAE04EC0-301F-11D3-BF4B-00C04F79EFBC}") = "PlotterHelper", "PlotterHelper.csproj", "{6BA5D492-C704-4CC4-B7AE-909887096B78}"
EndProject
Global
	GlobalSection(SolutionConfigurationPlatforms) = preSolution
		Debug|Any CPU = Debug|Any CPU
		Release|Any CPU = Release|Any CPU
	EndGlobalSection
	GlobalSection(ProjectConfigurationPlatforms) = postSolution
		{6BA5D492-C704-4CC4-B7AE-909887096B78}.Debug|Any CPU.ActiveCfg = Debug|Any CPU
		{6BA5D492-C704-4CC4-B7AE-909887096B78}.Debug|Any CPU.Build.0 = Debug|Any CPU
		{6BA5D492-C704-4CC4-B7AE-909887096B78}.Release|Any CPU.ActiveCfg = Release|Any CPU
		{6BA5D492-C704-4CC4-B7AE-909887096B78}.Release|Any CPU.Build.0 = Release|Any CPU
	EndGlobalSection
	GlobalSection(SolutionProperties) = preSolution
		HideSolutionNode = FALSE
	EndGlobalSection
	GlobalSection(ExtensibilityGlobals) = postSolution
		SolutionGuid = {921C24B6-BED8-4C4C-B91D-0CA83910C569}
	EndGlobalSection
EndGlobal
